// !$*UTF8*$!
{
	archiveVersion = 1;
	classes = {
	};
	objectVersion = 50;
	objects = {

/* Begin PBXBuildFile section */
		6B03EFA724E219A600D70A03 /* SearchBar.swift in Sources */ = {isa = PBXBuildFile; fileRef = 6B03EFA624E219A600D70A03 /* SearchBar.swift */; };
		6B105FD824EBCEB900F9F654 /* ToDoTask.swift in Sources */ = {isa = PBXBuildFile; fileRef = 6B628FB524DF3065008E496E /* ToDoTask.swift */; };
		6B105FD924EBCEB900F9F654 /* UserData.swift in Sources */ = {isa = PBXBuildFile; fileRef = 6B628FB824DF311F008E496E /* UserData.swift */; };
		6B105FDA24EBCEB900F9F654 /* CustomObjects.swift in Sources */ = {isa = PBXBuildFile; fileRef = 6B7EB4EE24DFD17E006ED2B0 /* CustomObjects.swift */; };
		6B105FDB24EBCEB900F9F654 /* ToDoList.swift in Sources */ = {isa = PBXBuildFile; fileRef = 6B628FB224DF300A008E496E /* ToDoList.swift */; };
		6B105FDC24EBCEB900F9F654 /* Data.swift in Sources */ = {isa = PBXBuildFile; fileRef = 6B628FAF24DF2FE1008E496E /* Data.swift */; };
		6B105FDD24EBCF6D00F9F654 /* EmojiHelper.swift in Sources */ = {isa = PBXBuildFile; fileRef = 6B747FDA24E607180062F5C8 /* EmojiHelper.swift */; };
		6B105FDE24EBCF6D00F9F654 /* GradientColorRoll.swift in Sources */ = {isa = PBXBuildFile; fileRef = 6B628FD624DF35E0008E496E /* GradientColorRoll.swift */; };
		6B105FDF24EBCF6D00F9F654 /* BiometricsAuthentication.swift in Sources */ = {isa = PBXBuildFile; fileRef = 6B7EB4EC24DFCF2E006ED2B0 /* BiometricsAuthentication.swift */; };
		6B105FE024EBCF6D00F9F654 /* SearchBar.swift in Sources */ = {isa = PBXBuildFile; fileRef = 6B03EFA624E219A600D70A03 /* SearchBar.swift */; };
		6B105FE124EBCF6D00F9F654 /* HelperViews.swift in Sources */ = {isa = PBXBuildFile; fileRef = 6B628FBC24DF3147008E496E /* HelperViews.swift */; };
		6B105FE224EBCF6D00F9F654 /* AppLogoView.swift in Sources */ = {isa = PBXBuildFile; fileRef = 6B28A8B924E347B9006921C8 /* AppLogoView.swift */; };
		6B21366124DF2D500078E7EA /* ToDo_SwiftUIApp.swift in Sources */ = {isa = PBXBuildFile; fileRef = 6B21363824DF2D4E0078E7EA /* ToDo_SwiftUIApp.swift */; };
		6B21366324DF2D500078E7EA /* ContentView.swift in Sources */ = {isa = PBXBuildFile; fileRef = 6B21363924DF2D4E0078E7EA /* ContentView.swift */; };
		6B21366524DF2D500078E7EA /* Assets.xcassets in Resources */ = {isa = PBXBuildFile; fileRef = 6B21363A24DF2D500078E7EA /* Assets.xcassets */; };
		6B28A8BA24E347B9006921C8 /* AppLogoView.swift in Sources */ = {isa = PBXBuildFile; fileRef = 6B28A8B924E347B9006921C8 /* AppLogoView.swift */; };
		6B28A8F224E34A6C006921C8 /* QuickListView.swift in Sources */ = {isa = PBXBuildFile; fileRef = 6B28A8F124E34A6C006921C8 /* QuickListView.swift */; };
		6B28A8FC24E36584006921C8 /* localLists.json in Resources */ = {isa = PBXBuildFile; fileRef = 6B28A8FB24E36584006921C8 /* localLists.json */; };
		6B443BBC2509ACE30011FC90 /* NotificationRegistry.swift in Sources */ = {isa = PBXBuildFile; fileRef = 6B443BBB2509ACE30011FC90 /* NotificationRegistry.swift */; };
		6B4E6A7D24EB42F900584AC1 /* WidgetKit.framework in Frameworks */ = {isa = PBXBuildFile; fileRef = 6B28A8D924E3498D006921C8 /* WidgetKit.framework */; };
		6B4E6A7E24EB42F900584AC1 /* SwiftUI.framework in Frameworks */ = {isa = PBXBuildFile; fileRef = 6B28A8DB24E3498D006921C8 /* SwiftUI.framework */; };
		6B4E6A8324EB42FA00584AC1 /* Assets.xcassets in Resources */ = {isa = PBXBuildFile; fileRef = 6B4E6A8224EB42FA00584AC1 /* Assets.xcassets */; };
		6B4E6A8724EB42FA00584AC1 /* ToDoWidgetsExtensionExtension.appex in Embed App Extensions */ = {isa = PBXBuildFile; fileRef = 6B4E6A7C24EB42F900584AC1 /* ToDoWidgetsExtensionExtension.appex */; settings = {ATTRIBUTES = (RemoveHeadersOnCopy, ); }; };
		6B4E6A8C24EB430C00584AC1 /* QuickTasksInfoWidget.swift in Sources */ = {isa = PBXBuildFile; fileRef = 6BF42D9B24E9D00800DD9C38 /* QuickTasksInfoWidget.swift */; };
		6B4E6A8D24EB430C00584AC1 /* ToDoWidgetsBundle.swift in Sources */ = {isa = PBXBuildFile; fileRef = 6B4E6A7524EB3F0F00584AC1 /* ToDoWidgetsBundle.swift */; };
		6B4E6A8E24EB430C00584AC1 /* QuickListsInfoWidget.swift in Sources */ = {isa = PBXBuildFile; fileRef = 6B28A8DE24E3498D006921C8 /* QuickListsInfoWidget.swift */; };
		6B4E6A8F24EB433A00584AC1 /* QuickTasksView.swift in Sources */ = {isa = PBXBuildFile; fileRef = 6B69FC3924E740F40051D74C /* QuickTasksView.swift */; };
		6B4E6A9024EB433A00584AC1 /* QuickListView.swift in Sources */ = {isa = PBXBuildFile; fileRef = 6B28A8F124E34A6C006921C8 /* QuickListView.swift */; };
		6B4E6A9124EB433A00584AC1 /* HelperViews.swift in Sources */ = {isa = PBXBuildFile; fileRef = 6B628FBC24DF3147008E496E /* HelperViews.swift */; };
		6B4E6A9224EB433A00584AC1 /* ToDoList.swift in Sources */ = {isa = PBXBuildFile; fileRef = 6B628FB224DF300A008E496E /* ToDoList.swift */; };
		6B4E6A9324EB433A00584AC1 /* UserData.swift in Sources */ = {isa = PBXBuildFile; fileRef = 6B628FB824DF311F008E496E /* UserData.swift */; };
		6B4E6A9424EB433A00584AC1 /* SearchBar.swift in Sources */ = {isa = PBXBuildFile; fileRef = 6B03EFA624E219A600D70A03 /* SearchBar.swift */; };
		6B4E6A9524EB433A00584AC1 /* GradientColorRoll.swift in Sources */ = {isa = PBXBuildFile; fileRef = 6B628FD624DF35E0008E496E /* GradientColorRoll.swift */; };
		6B4E6A9624EB433A00584AC1 /* AppLogoView.swift in Sources */ = {isa = PBXBuildFile; fileRef = 6B28A8B924E347B9006921C8 /* AppLogoView.swift */; };
		6B4E6A9724EB433A00584AC1 /* BiometricsAuthentication.swift in Sources */ = {isa = PBXBuildFile; fileRef = 6B7EB4EC24DFCF2E006ED2B0 /* BiometricsAuthentication.swift */; };
		6B4E6A9824EB433A00584AC1 /* EmojiHelper.swift in Sources */ = {isa = PBXBuildFile; fileRef = 6B747FDA24E607180062F5C8 /* EmojiHelper.swift */; };
		6B4E6A9924EB433A00584AC1 /* Data.swift in Sources */ = {isa = PBXBuildFile; fileRef = 6B628FAF24DF2FE1008E496E /* Data.swift */; };
		6B4E6A9A24EB433A00584AC1 /* ToDoTask.swift in Sources */ = {isa = PBXBuildFile; fileRef = 6B628FB524DF3065008E496E /* ToDoTask.swift */; };
		6B4E6A9B24EB433A00584AC1 /* CustomObjects.swift in Sources */ = {isa = PBXBuildFile; fileRef = 6B7EB4EE24DFD17E006ED2B0 /* CustomObjects.swift */; };
		6B4E6A9C24EB433F00584AC1 /* ListSelection.intentdefinition in Sources */ = {isa = PBXBuildFile; fileRef = 6B78A31D24E4C22F000C15D5 /* ListSelection.intentdefinition */; };
		6B4E6ACC24EB9D3A00584AC1 /* IntentHandler.swift in Sources */ = {isa = PBXBuildFile; fileRef = 6B4E6ACB24EB9D3A00584AC1 /* IntentHandler.swift */; };
		6B4E6AD024EB9D3A00584AC1 /* DynamicListSelectionIntent.appex in Embed App Extensions */ = {isa = PBXBuildFile; fileRef = 6B4E6AC924EB9D3A00584AC1 /* DynamicListSelectionIntent.appex */; settings = {ATTRIBUTES = (RemoveHeadersOnCopy, ); }; };
		6B4E6AD524EB9D8A00584AC1 /* ListSelection.intentdefinition in Sources */ = {isa = PBXBuildFile; fileRef = 6B78A31D24E4C22F000C15D5 /* ListSelection.intentdefinition */; };
		6B628FB024DF2FE1008E496E /* Data.swift in Sources */ = {isa = PBXBuildFile; fileRef = 6B628FAF24DF2FE1008E496E /* Data.swift */; };
		6B628FB324DF300A008E496E /* ToDoList.swift in Sources */ = {isa = PBXBuildFile; fileRef = 6B628FB224DF300A008E496E /* ToDoList.swift */; };
		6B628FB624DF3065008E496E /* ToDoTask.swift in Sources */ = {isa = PBXBuildFile; fileRef = 6B628FB524DF3065008E496E /* ToDoTask.swift */; };
		6B628FB924DF311F008E496E /* UserData.swift in Sources */ = {isa = PBXBuildFile; fileRef = 6B628FB824DF311F008E496E /* UserData.swift */; };
		6B628FBD24DF3147008E496E /* HelperViews.swift in Sources */ = {isa = PBXBuildFile; fileRef = 6B628FBC24DF3147008E496E /* HelperViews.swift */; };
		6B628FC224DF327B008E496E /* ToDoListsMasterView.swift in Sources */ = {isa = PBXBuildFile; fileRef = 6B628FC124DF327B008E496E /* ToDoListsMasterView.swift */; };
		6B628FC824DF33FB008E496E /* ToDoListCellView.swift in Sources */ = {isa = PBXBuildFile; fileRef = 6B628FC724DF33FB008E496E /* ToDoListCellView.swift */; };
		6B628FCB24DF3468008E496E /* ToDoListInfoView.swift in Sources */ = {isa = PBXBuildFile; fileRef = 6B628FCA24DF3468008E496E /* ToDoListInfoView.swift */; };
		6B628FCE24DF3518008E496E /* ToDoTasksDetailView.swift in Sources */ = {isa = PBXBuildFile; fileRef = 6B628FCD24DF3517008E496E /* ToDoTasksDetailView.swift */; };
		6B628FD124DF354A008E496E /* ToDoTaskCellView.swift in Sources */ = {isa = PBXBuildFile; fileRef = 6B628FD024DF354A008E496E /* ToDoTaskCellView.swift */; };
		6B628FD424DF359B008E496E /* ToDoTaskInfoView.swift in Sources */ = {isa = PBXBuildFile; fileRef = 6B628FD324DF359B008E496E /* ToDoTaskInfoView.swift */; };
		6B628FD724DF35E0008E496E /* GradientColorRoll.swift in Sources */ = {isa = PBXBuildFile; fileRef = 6B628FD624DF35E0008E496E /* GradientColorRoll.swift */; };
		6B69FC3A24E740F40051D74C /* QuickTasksView.swift in Sources */ = {isa = PBXBuildFile; fileRef = 6B69FC3924E740F40051D74C /* QuickTasksView.swift */; };
		6B747FDB24E607180062F5C8 /* EmojiHelper.swift in Sources */ = {isa = PBXBuildFile; fileRef = 6B747FDA24E607180062F5C8 /* EmojiHelper.swift */; };
		6B7EB4ED24DFCF2E006ED2B0 /* BiometricsAuthentication.swift in Sources */ = {isa = PBXBuildFile; fileRef = 6B7EB4EC24DFCF2E006ED2B0 /* BiometricsAuthentication.swift */; };
		6B7EB4EF24DFD17E006ED2B0 /* CustomObjects.swift in Sources */ = {isa = PBXBuildFile; fileRef = 6B7EB4EE24DFD17E006ED2B0 /* CustomObjects.swift */; };
/* End PBXBuildFile section */

/* Begin PBXContainerItemProxy section */
		6B4E6A8524EB42FA00584AC1 /* PBXContainerItemProxy */ = {
			isa = PBXContainerItemProxy;
			containerPortal = 6B21363324DF2D4E0078E7EA /* Project object */;
			proxyType = 1;
			remoteGlobalIDString = 6B4E6A7B24EB42F900584AC1;
			remoteInfo = ToDoWidgetsExtensionExtension;
		};
		6B4E6ACE24EB9D3A00584AC1 /* PBXContainerItemProxy */ = {
			isa = PBXContainerItemProxy;
			containerPortal = 6B21363324DF2D4E0078E7EA /* Project object */;
			proxyType = 1;
			remoteGlobalIDString = 6B4E6AC824EB9D3A00584AC1;
			remoteInfo = DynamicListSelectionIntent;
		};
/* End PBXContainerItemProxy section */

/* Begin PBXCopyFilesBuildPhase section */
		6B28A8E724E3498F006921C8 /* Embed App Extensions */ = {
			isa = PBXCopyFilesBuildPhase;
			buildActionMask = 2147483647;
			dstPath = "";
			dstSubfolderSpec = 13;
			files = (
				6B4E6AD024EB9D3A00584AC1 /* DynamicListSelectionIntent.appex in Embed App Extensions */,
				6B4E6A8724EB42FA00584AC1 /* ToDoWidgetsExtensionExtension.appex in Embed App Extensions */,
			);
			name = "Embed App Extensions";
			runOnlyForDeploymentPostprocessing = 0;
		};
/* End PBXCopyFilesBuildPhase section */

/* Begin PBXFileReference section */
		6B03EFA624E219A600D70A03 /* SearchBar.swift */ = {isa = PBXFileReference; lastKnownFileType = sourcecode.swift; path = SearchBar.swift; sourceTree = "<group>"; };
		6B105FFF24EBD8BF00F9F654 /* ToDoWidgetsExtensionExtension copy-Info.plist */ = {isa = PBXFileReference; lastKnownFileType = text.plist.xml; name = "ToDoWidgetsExtensionExtension copy-Info.plist"; path = "/Users/hellosaumil/Saumil/DockerCodes/CodesOver/iOS/ToDo-SwiftUI/ToDoWidgetsExtensionExtension copy-Info.plist"; sourceTree = "<absolute>"; };
		6B21363824DF2D4E0078E7EA /* ToDo_SwiftUIApp.swift */ = {isa = PBXFileReference; lastKnownFileType = sourcecode.swift; path = ToDo_SwiftUIApp.swift; sourceTree = "<group>"; };
		6B21363924DF2D4E0078E7EA /* ContentView.swift */ = {isa = PBXFileReference; lastKnownFileType = sourcecode.swift; path = ContentView.swift; sourceTree = "<group>"; };
		6B21363A24DF2D500078E7EA /* Assets.xcassets */ = {isa = PBXFileReference; lastKnownFileType = folder.assetcatalog; path = Assets.xcassets; sourceTree = "<group>"; };
		6B21363F24DF2D500078E7EA /* ToDo-SwiftUI.app */ = {isa = PBXFileReference; explicitFileType = wrapper.application; includeInIndex = 0; path = "ToDo-SwiftUI.app"; sourceTree = BUILT_PRODUCTS_DIR; };
		6B21364224DF2D500078E7EA /* Info.plist */ = {isa = PBXFileReference; lastKnownFileType = text.plist.xml; path = Info.plist; sourceTree = "<group>"; };
		6B28A8B924E347B9006921C8 /* AppLogoView.swift */ = {isa = PBXFileReference; lastKnownFileType = sourcecode.swift; path = AppLogoView.swift; sourceTree = "<group>"; };
		6B28A8D924E3498D006921C8 /* WidgetKit.framework */ = {isa = PBXFileReference; lastKnownFileType = wrapper.framework; name = WidgetKit.framework; path = System/Library/Frameworks/WidgetKit.framework; sourceTree = SDKROOT; };
		6B28A8DB24E3498D006921C8 /* SwiftUI.framework */ = {isa = PBXFileReference; lastKnownFileType = wrapper.framework; name = SwiftUI.framework; path = System/Library/Frameworks/SwiftUI.framework; sourceTree = SDKROOT; };
		6B28A8DE24E3498D006921C8 /* QuickListsInfoWidget.swift */ = {isa = PBXFileReference; lastKnownFileType = sourcecode.swift; path = QuickListsInfoWidget.swift; sourceTree = "<group>"; };
		6B28A8F124E34A6C006921C8 /* QuickListView.swift */ = {isa = PBXFileReference; lastKnownFileType = sourcecode.swift; path = QuickListView.swift; sourceTree = "<group>"; };
		6B28A8FB24E36584006921C8 /* localLists.json */ = {isa = PBXFileReference; lastKnownFileType = text.json; path = localLists.json; sourceTree = "<group>"; };
		6B443BBB2509ACE30011FC90 /* NotificationRegistry.swift */ = {isa = PBXFileReference; lastKnownFileType = sourcecode.swift; path = NotificationRegistry.swift; sourceTree = "<group>"; };
		6B4E6A7524EB3F0F00584AC1 /* ToDoWidgetsBundle.swift */ = {isa = PBXFileReference; lastKnownFileType = sourcecode.swift; path = ToDoWidgetsBundle.swift; sourceTree = "<group>"; };
		6B4E6A7C24EB42F900584AC1 /* ToDoWidgetsExtensionExtension.appex */ = {isa = PBXFileReference; explicitFileType = "wrapper.app-extension"; includeInIndex = 0; path = ToDoWidgetsExtensionExtension.appex; sourceTree = BUILT_PRODUCTS_DIR; };
		6B4E6A8224EB42FA00584AC1 /* Assets.xcassets */ = {isa = PBXFileReference; lastKnownFileType = folder.assetcatalog; path = Assets.xcassets; sourceTree = "<group>"; };
		6B4E6A8424EB42FA00584AC1 /* Info.plist */ = {isa = PBXFileReference; lastKnownFileType = text.plist.xml; path = Info.plist; sourceTree = "<group>"; };
		6B4E6A8824EB42FA00584AC1 /* ToDoWidgetsExtensionExtension.entitlements */ = {isa = PBXFileReference; lastKnownFileType = text.plist.entitlements; path = ToDoWidgetsExtensionExtension.entitlements; sourceTree = "<group>"; };
		6B4E6AC924EB9D3A00584AC1 /* DynamicListSelectionIntent.appex */ = {isa = PBXFileReference; explicitFileType = "wrapper.app-extension"; includeInIndex = 0; path = DynamicListSelectionIntent.appex; sourceTree = BUILT_PRODUCTS_DIR; };
		6B4E6ACB24EB9D3A00584AC1 /* IntentHandler.swift */ = {isa = PBXFileReference; lastKnownFileType = sourcecode.swift; path = IntentHandler.swift; sourceTree = "<group>"; };
		6B4E6ACD24EB9D3A00584AC1 /* Info.plist */ = {isa = PBXFileReference; lastKnownFileType = text.plist.xml; path = Info.plist; sourceTree = "<group>"; };
		6B4E6AD124EB9D3A00584AC1 /* DynamicListSelectionIntent.entitlements */ = {isa = PBXFileReference; lastKnownFileType = text.plist.entitlements; path = DynamicListSelectionIntent.entitlements; sourceTree = "<group>"; };
		6B628FAD24DF2E52008E496E /* ToDo-SwiftUI.entitlements */ = {isa = PBXFileReference; lastKnownFileType = text.plist.entitlements; path = "ToDo-SwiftUI.entitlements"; sourceTree = "<group>"; };
		6B628FAF24DF2FE1008E496E /* Data.swift */ = {isa = PBXFileReference; lastKnownFileType = sourcecode.swift; path = Data.swift; sourceTree = "<group>"; };
		6B628FB224DF300A008E496E /* ToDoList.swift */ = {isa = PBXFileReference; lastKnownFileType = sourcecode.swift; path = ToDoList.swift; sourceTree = "<group>"; };
		6B628FB524DF3065008E496E /* ToDoTask.swift */ = {isa = PBXFileReference; lastKnownFileType = sourcecode.swift; path = ToDoTask.swift; sourceTree = "<group>"; };
		6B628FB824DF311F008E496E /* UserData.swift */ = {isa = PBXFileReference; lastKnownFileType = sourcecode.swift; path = UserData.swift; sourceTree = "<group>"; };
		6B628FBC24DF3147008E496E /* HelperViews.swift */ = {isa = PBXFileReference; lastKnownFileType = sourcecode.swift; path = HelperViews.swift; sourceTree = "<group>"; };
		6B628FC124DF327B008E496E /* ToDoListsMasterView.swift */ = {isa = PBXFileReference; lastKnownFileType = sourcecode.swift; path = ToDoListsMasterView.swift; sourceTree = "<group>"; };
		6B628FC724DF33FB008E496E /* ToDoListCellView.swift */ = {isa = PBXFileReference; lastKnownFileType = sourcecode.swift; path = ToDoListCellView.swift; sourceTree = "<group>"; };
		6B628FCA24DF3468008E496E /* ToDoListInfoView.swift */ = {isa = PBXFileReference; lastKnownFileType = sourcecode.swift; path = ToDoListInfoView.swift; sourceTree = "<group>"; };
		6B628FCD24DF3517008E496E /* ToDoTasksDetailView.swift */ = {isa = PBXFileReference; lastKnownFileType = sourcecode.swift; path = ToDoTasksDetailView.swift; sourceTree = "<group>"; };
		6B628FD024DF354A008E496E /* ToDoTaskCellView.swift */ = {isa = PBXFileReference; lastKnownFileType = sourcecode.swift; path = ToDoTaskCellView.swift; sourceTree = "<group>"; };
		6B628FD324DF359B008E496E /* ToDoTaskInfoView.swift */ = {isa = PBXFileReference; lastKnownFileType = sourcecode.swift; path = ToDoTaskInfoView.swift; sourceTree = "<group>"; };
		6B628FD624DF35E0008E496E /* GradientColorRoll.swift */ = {isa = PBXFileReference; lastKnownFileType = sourcecode.swift; path = GradientColorRoll.swift; sourceTree = "<group>"; };
		6B69FC3924E740F40051D74C /* QuickTasksView.swift */ = {isa = PBXFileReference; lastKnownFileType = sourcecode.swift; path = QuickTasksView.swift; sourceTree = "<group>"; };
		6B747FDA24E607180062F5C8 /* EmojiHelper.swift */ = {isa = PBXFileReference; lastKnownFileType = sourcecode.swift; path = EmojiHelper.swift; sourceTree = "<group>"; };
		6B78A31D24E4C22F000C15D5 /* ListSelection.intentdefinition */ = {isa = PBXFileReference; lastKnownFileType = file.intentdefinition; path = ListSelection.intentdefinition; sourceTree = "<group>"; };
		6B7EB4EC24DFCF2E006ED2B0 /* BiometricsAuthentication.swift */ = {isa = PBXFileReference; lastKnownFileType = sourcecode.swift; path = BiometricsAuthentication.swift; sourceTree = "<group>"; };
		6B7EB4EE24DFD17E006ED2B0 /* CustomObjects.swift */ = {isa = PBXFileReference; lastKnownFileType = sourcecode.swift; path = CustomObjects.swift; sourceTree = "<group>"; };
		6BF42D9B24E9D00800DD9C38 /* QuickTasksInfoWidget.swift */ = {isa = PBXFileReference; lastKnownFileType = sourcecode.swift; path = QuickTasksInfoWidget.swift; sourceTree = "<group>"; };
/* End PBXFileReference section */

/* Begin PBXFrameworksBuildPhase section */
		6B21363C24DF2D500078E7EA /* Frameworks */ = {
			isa = PBXFrameworksBuildPhase;
			buildActionMask = 2147483647;
			files = (
			);
			runOnlyForDeploymentPostprocessing = 0;
		};
		6B4E6A7924EB42F900584AC1 /* Frameworks */ = {
			isa = PBXFrameworksBuildPhase;
			buildActionMask = 2147483647;
			files = (
				6B4E6A7E24EB42F900584AC1 /* SwiftUI.framework in Frameworks */,
				6B4E6A7D24EB42F900584AC1 /* WidgetKit.framework in Frameworks */,
			);
			runOnlyForDeploymentPostprocessing = 0;
		};
		6B4E6AC624EB9D3A00584AC1 /* Frameworks */ = {
			isa = PBXFrameworksBuildPhase;
			buildActionMask = 2147483647;
			files = (
			);
			runOnlyForDeploymentPostprocessing = 0;
		};
/* End PBXFrameworksBuildPhase section */

/* Begin PBXGroup section */
		6B21363224DF2D4E0078E7EA = {
			isa = PBXGroup;
			children = (
				6B4E6A8824EB42FA00584AC1 /* ToDoWidgetsExtensionExtension.entitlements */,
				6B628FAD24DF2E52008E496E /* ToDo-SwiftUI.entitlements */,
				6B21363724DF2D4E0078E7EA /* Shared */,
				6B4E6A7F24EB42F900584AC1 /* ToDoWidgetsExtension */,
				6B4E6ACA24EB9D3A00584AC1 /* DynamicListSelectionIntent */,
				6B28A8D824E3498D006921C8 /* Frameworks */,
				6B21364024DF2D500078E7EA /* Products */,
				6B21364124DF2D500078E7EA /* iOS */,
				6B105FFF24EBD8BF00F9F654 /* ToDoWidgetsExtensionExtension copy-Info.plist */,
			);
			sourceTree = "<group>";
		};
		6B21363724DF2D4E0078E7EA /* Shared */ = {
			isa = PBXGroup;
			children = (
				6B28A8F924E36549006921C8 /* Resources */,
				6B21363A24DF2D500078E7EA /* Assets.xcassets */,
				6B21363824DF2D4E0078E7EA /* ToDo_SwiftUIApp.swift */,
				6B21363924DF2D4E0078E7EA /* ContentView.swift */,
				6B628FBF24DF3240008E496E /* ToDoList Views */,
				6B628FBB24DF3131008E496E /* Helper Views */,
				6B628FAE24DF2F64008E496E /* Models */,
				6B28A8F024E34A32006921C8 /* WidgetViews */,
			);
			path = Shared;
			sourceTree = "<group>";
		};
		6B21364024DF2D500078E7EA /* Products */ = {
			isa = PBXGroup;
			children = (
				6B21363F24DF2D500078E7EA /* ToDo-SwiftUI.app */,
				6B4E6A7C24EB42F900584AC1 /* ToDoWidgetsExtensionExtension.appex */,
				6B4E6AC924EB9D3A00584AC1 /* DynamicListSelectionIntent.appex */,
			);
			name = Products;
			sourceTree = "<group>";
		};
		6B21364124DF2D500078E7EA /* iOS */ = {
			isa = PBXGroup;
			children = (
				6B21364224DF2D500078E7EA /* Info.plist */,
			);
			path = iOS;
			sourceTree = "<group>";
		};
		6B28A8D824E3498D006921C8 /* Frameworks */ = {
			isa = PBXGroup;
			children = (
				6B28A8D924E3498D006921C8 /* WidgetKit.framework */,
				6B28A8DB24E3498D006921C8 /* SwiftUI.framework */,
			);
			name = Frameworks;
			sourceTree = "<group>";
		};
		6B28A8F024E34A32006921C8 /* WidgetViews */ = {
			isa = PBXGroup;
			children = (
				6B28A8F124E34A6C006921C8 /* QuickListView.swift */,
				6B69FC3924E740F40051D74C /* QuickTasksView.swift */,
				6B78A31D24E4C22F000C15D5 /* ListSelection.intentdefinition */,
			);
			path = WidgetViews;
			sourceTree = "<group>";
		};
		6B28A8F924E36549006921C8 /* Resources */ = {
			isa = PBXGroup;
			children = (
				6B28A8FB24E36584006921C8 /* localLists.json */,
			);
			path = Resources;
			sourceTree = "<group>";
		};
		6B4E6A7F24EB42F900584AC1 /* ToDoWidgetsExtension */ = {
			isa = PBXGroup;
			children = (
				6B4E6A7524EB3F0F00584AC1 /* ToDoWidgetsBundle.swift */,
				6B28A8DE24E3498D006921C8 /* QuickListsInfoWidget.swift */,
				6BF42D9B24E9D00800DD9C38 /* QuickTasksInfoWidget.swift */,
				6B4E6A8224EB42FA00584AC1 /* Assets.xcassets */,
				6B4E6A8424EB42FA00584AC1 /* Info.plist */,
			);
			path = ToDoWidgetsExtension;
			sourceTree = "<group>";
		};
		6B4E6ACA24EB9D3A00584AC1 /* DynamicListSelectionIntent */ = {
			isa = PBXGroup;
			children = (
				6B4E6AD124EB9D3A00584AC1 /* DynamicListSelectionIntent.entitlements */,
				6B4E6ACB24EB9D3A00584AC1 /* IntentHandler.swift */,
				6B4E6ACD24EB9D3A00584AC1 /* Info.plist */,
			);
			path = DynamicListSelectionIntent;
			sourceTree = "<group>";
		};
		6B628FAE24DF2F64008E496E /* Models */ = {
			isa = PBXGroup;
			children = (
				6B628FB824DF311F008E496E /* UserData.swift */,
				6B628FAF24DF2FE1008E496E /* Data.swift */,
				6B628FB224DF300A008E496E /* ToDoList.swift */,
				6B628FB524DF3065008E496E /* ToDoTask.swift */,
				6B7EB4EE24DFD17E006ED2B0 /* CustomObjects.swift */,
			);
			path = Models;
			sourceTree = "<group>";
		};
		6B628FBB24DF3131008E496E /* Helper Views */ = {
			isa = PBXGroup;
			children = (
				6B628FBC24DF3147008E496E /* HelperViews.swift */,
				6B747FDA24E607180062F5C8 /* EmojiHelper.swift */,
				6B628FD624DF35E0008E496E /* GradientColorRoll.swift */,
				6B03EFA624E219A600D70A03 /* SearchBar.swift */,
				6B7EB4EC24DFCF2E006ED2B0 /* BiometricsAuthentication.swift */,
				6B443BBB2509ACE30011FC90 /* NotificationRegistry.swift */,
				6B28A8B924E347B9006921C8 /* AppLogoView.swift */,
			);
			path = "Helper Views";
			sourceTree = "<group>";
		};
		6B628FBF24DF3240008E496E /* ToDoList Views */ = {
			isa = PBXGroup;
			children = (
				6B628FC124DF327B008E496E /* ToDoListsMasterView.swift */,
				6B628FC724DF33FB008E496E /* ToDoListCellView.swift */,
				6B628FCA24DF3468008E496E /* ToDoListInfoView.swift */,
				6B628FC024DF324C008E496E /* ToDoTask Views */,
			);
			path = "ToDoList Views";
			sourceTree = "<group>";
		};
		6B628FC024DF324C008E496E /* ToDoTask Views */ = {
			isa = PBXGroup;
			children = (
				6B628FCD24DF3517008E496E /* ToDoTasksDetailView.swift */,
				6B628FD024DF354A008E496E /* ToDoTaskCellView.swift */,
				6B628FD324DF359B008E496E /* ToDoTaskInfoView.swift */,
			);
			path = "ToDoTask Views";
			sourceTree = "<group>";
		};
/* End PBXGroup section */

/* Begin PBXNativeTarget section */
		6B21363E24DF2D500078E7EA /* ToDo-SwiftUI (iOS) */ = {
			isa = PBXNativeTarget;
			buildConfigurationList = 6B21366924DF2D500078E7EA /* Build configuration list for PBXNativeTarget "ToDo-SwiftUI (iOS)" */;
			buildPhases = (
				6B21363B24DF2D500078E7EA /* Sources */,
				6B21363C24DF2D500078E7EA /* Frameworks */,
				6B21363D24DF2D500078E7EA /* Resources */,
				6B28A8E724E3498F006921C8 /* Embed App Extensions */,
			);
			buildRules = (
			);
			dependencies = (
				6B4E6A8624EB42FA00584AC1 /* PBXTargetDependency */,
				6B4E6ACF24EB9D3A00584AC1 /* PBXTargetDependency */,
			);
			name = "ToDo-SwiftUI (iOS)";
			productName = "ToDo-SwiftUI (iOS)";
			productReference = 6B21363F24DF2D500078E7EA /* ToDo-SwiftUI.app */;
			productType = "com.apple.product-type.application";
		};
		6B4E6A7B24EB42F900584AC1 /* ToDoWidgetsExtensionExtension */ = {
			isa = PBXNativeTarget;
			buildConfigurationList = 6B4E6A8924EB42FA00584AC1 /* Build configuration list for PBXNativeTarget "ToDoWidgetsExtensionExtension" */;
			buildPhases = (
				6B4E6A7824EB42F900584AC1 /* Sources */,
				6B4E6A7924EB42F900584AC1 /* Frameworks */,
				6B4E6A7A24EB42F900584AC1 /* Resources */,
			);
			buildRules = (
			);
			dependencies = (
			);
			name = ToDoWidgetsExtensionExtension;
			productName = ToDoWidgetsExtensionExtension;
			productReference = 6B4E6A7C24EB42F900584AC1 /* ToDoWidgetsExtensionExtension.appex */;
			productType = "com.apple.product-type.app-extension";
		};
		6B4E6AC824EB9D3A00584AC1 /* DynamicListSelectionIntent */ = {
			isa = PBXNativeTarget;
			buildConfigurationList = 6B4E6AD424EB9D3B00584AC1 /* Build configuration list for PBXNativeTarget "DynamicListSelectionIntent" */;
			buildPhases = (
				6B4E6AC524EB9D3A00584AC1 /* Sources */,
				6B4E6AC624EB9D3A00584AC1 /* Frameworks */,
				6B4E6AC724EB9D3A00584AC1 /* Resources */,
			);
			buildRules = (
			);
			dependencies = (
			);
			name = DynamicListSelectionIntent;
			productName = DynamicListSelectionIntent;
			productReference = 6B4E6AC924EB9D3A00584AC1 /* DynamicListSelectionIntent.appex */;
			productType = "com.apple.product-type.app-extension";
		};
/* End PBXNativeTarget section */

/* Begin PBXProject section */
		6B21363324DF2D4E0078E7EA /* Project object */ = {
			isa = PBXProject;
			attributes = {
				LastSwiftUpdateCheck = 1200;
				LastUpgradeCheck = 1200;
				TargetAttributes = {
					6B21363E24DF2D500078E7EA = {
						CreatedOnToolsVersion = 12.0;
					};
					6B4E6A7B24EB42F900584AC1 = {
						CreatedOnToolsVersion = 12.0;
					};
					6B4E6AC824EB9D3A00584AC1 = {
						CreatedOnToolsVersion = 12.0;
					};
				};
			};
			buildConfigurationList = 6B21363624DF2D4E0078E7EA /* Build configuration list for PBXProject "ToDo-SwiftUI" */;
			compatibilityVersion = "Xcode 9.3";
			developmentRegion = en;
			hasScannedForEncodings = 0;
			knownRegions = (
				en,
				Base,
			);
			mainGroup = 6B21363224DF2D4E0078E7EA;
			productRefGroup = 6B21364024DF2D500078E7EA /* Products */;
			projectDirPath = "";
			projectRoot = "";
			targets = (
				6B21363E24DF2D500078E7EA /* ToDo-SwiftUI (iOS) */,
				6B4E6A7B24EB42F900584AC1 /* ToDoWidgetsExtensionExtension */,
				6B4E6AC824EB9D3A00584AC1 /* DynamicListSelectionIntent */,
			);
		};
/* End PBXProject section */

/* Begin PBXResourcesBuildPhase section */
		6B21363D24DF2D500078E7EA /* Resources */ = {
			isa = PBXResourcesBuildPhase;
			buildActionMask = 2147483647;
			files = (
				6B21366524DF2D500078E7EA /* Assets.xcassets in Resources */,
				6B28A8FC24E36584006921C8 /* localLists.json in Resources */,
			);
			runOnlyForDeploymentPostprocessing = 0;
		};
		6B4E6A7A24EB42F900584AC1 /* Resources */ = {
			isa = PBXResourcesBuildPhase;
			buildActionMask = 2147483647;
			files = (
				6B4E6A8324EB42FA00584AC1 /* Assets.xcassets in Resources */,
			);
			runOnlyForDeploymentPostprocessing = 0;
		};
		6B4E6AC724EB9D3A00584AC1 /* Resources */ = {
			isa = PBXResourcesBuildPhase;
			buildActionMask = 2147483647;
			files = (
			);
			runOnlyForDeploymentPostprocessing = 0;
		};
/* End PBXResourcesBuildPhase section */

/* Begin PBXSourcesBuildPhase section */
		6B21363B24DF2D500078E7EA /* Sources */ = {
			isa = PBXSourcesBuildPhase;
			buildActionMask = 2147483647;
			files = (
				6B628FCB24DF3468008E496E /* ToDoListInfoView.swift in Sources */,
				6B628FD124DF354A008E496E /* ToDoTaskCellView.swift in Sources */,
				6B7EB4ED24DFCF2E006ED2B0 /* BiometricsAuthentication.swift in Sources */,
				6B7EB4EF24DFD17E006ED2B0 /* CustomObjects.swift in Sources */,
				6B628FC224DF327B008E496E /* ToDoListsMasterView.swift in Sources */,
				6B628FB924DF311F008E496E /* UserData.swift in Sources */,
				6B628FD724DF35E0008E496E /* GradientColorRoll.swift in Sources */,
				6B443BBC2509ACE30011FC90 /* NotificationRegistry.swift in Sources */,
				6B21366324DF2D500078E7EA /* ContentView.swift in Sources */,
				6B628FB024DF2FE1008E496E /* Data.swift in Sources */,
				6B747FDB24E607180062F5C8 /* EmojiHelper.swift in Sources */,
				6B628FD424DF359B008E496E /* ToDoTaskInfoView.swift in Sources */,
				6B69FC3A24E740F40051D74C /* QuickTasksView.swift in Sources */,
				6B628FCE24DF3518008E496E /* ToDoTasksDetailView.swift in Sources */,
				6B628FB624DF3065008E496E /* ToDoTask.swift in Sources */,
				6B628FBD24DF3147008E496E /* HelperViews.swift in Sources */,
				6B28A8F224E34A6C006921C8 /* QuickListView.swift in Sources */,
				6B21366124DF2D500078E7EA /* ToDo_SwiftUIApp.swift in Sources */,
				6B628FB324DF300A008E496E /* ToDoList.swift in Sources */,
				6B03EFA724E219A600D70A03 /* SearchBar.swift in Sources */,
				6B628FC824DF33FB008E496E /* ToDoListCellView.swift in Sources */,
				6B28A8BA24E347B9006921C8 /* AppLogoView.swift in Sources */,
			);
			runOnlyForDeploymentPostprocessing = 0;
		};
		6B4E6A7824EB42F900584AC1 /* Sources */ = {
			isa = PBXSourcesBuildPhase;
			buildActionMask = 2147483647;
			files = (
				6B4E6A9124EB433A00584AC1 /* HelperViews.swift in Sources */,
				6B4E6A8C24EB430C00584AC1 /* QuickTasksInfoWidget.swift in Sources */,
				6B4E6A9724EB433A00584AC1 /* BiometricsAuthentication.swift in Sources */,
				6B4E6A9B24EB433A00584AC1 /* CustomObjects.swift in Sources */,
				6B4E6A9324EB433A00584AC1 /* UserData.swift in Sources */,
				6B4E6A8F24EB433A00584AC1 /* QuickTasksView.swift in Sources */,
				6B4E6A9C24EB433F00584AC1 /* ListSelection.intentdefinition in Sources */,
				6B4E6A9824EB433A00584AC1 /* EmojiHelper.swift in Sources */,
				6B4E6A9624EB433A00584AC1 /* AppLogoView.swift in Sources */,
				6B4E6A9924EB433A00584AC1 /* Data.swift in Sources */,
				6B4E6A9224EB433A00584AC1 /* ToDoList.swift in Sources */,
				6B4E6A9424EB433A00584AC1 /* SearchBar.swift in Sources */,
				6B4E6A9524EB433A00584AC1 /* GradientColorRoll.swift in Sources */,
				6B4E6A8D24EB430C00584AC1 /* ToDoWidgetsBundle.swift in Sources */,
				6B4E6A9A24EB433A00584AC1 /* ToDoTask.swift in Sources */,
				6B4E6A8E24EB430C00584AC1 /* QuickListsInfoWidget.swift in Sources */,
				6B4E6A9024EB433A00584AC1 /* QuickListView.swift in Sources */,
			);
			runOnlyForDeploymentPostprocessing = 0;
		};
		6B4E6AC524EB9D3A00584AC1 /* Sources */ = {
			isa = PBXSourcesBuildPhase;
			buildActionMask = 2147483647;
			files = (
				6B105FDD24EBCF6D00F9F654 /* EmojiHelper.swift in Sources */,
				6B105FDC24EBCEB900F9F654 /* Data.swift in Sources */,
				6B105FD824EBCEB900F9F654 /* ToDoTask.swift in Sources */,
				6B105FDB24EBCEB900F9F654 /* ToDoList.swift in Sources */,
				6B105FDA24EBCEB900F9F654 /* CustomObjects.swift in Sources */,
				6B4E6ACC24EB9D3A00584AC1 /* IntentHandler.swift in Sources */,
				6B105FE124EBCF6D00F9F654 /* HelperViews.swift in Sources */,
				6B105FD924EBCEB900F9F654 /* UserData.swift in Sources */,
				6B105FDE24EBCF6D00F9F654 /* GradientColorRoll.swift in Sources */,
				6B105FDF24EBCF6D00F9F654 /* BiometricsAuthentication.swift in Sources */,
				6B105FE224EBCF6D00F9F654 /* AppLogoView.swift in Sources */,
				6B105FE024EBCF6D00F9F654 /* SearchBar.swift in Sources */,
				6B4E6AD524EB9D8A00584AC1 /* ListSelection.intentdefinition in Sources */,
			);
			runOnlyForDeploymentPostprocessing = 0;
		};
/* End PBXSourcesBuildPhase section */

/* Begin PBXTargetDependency section */
		6B4E6A8624EB42FA00584AC1 /* PBXTargetDependency */ = {
			isa = PBXTargetDependency;
			target = 6B4E6A7B24EB42F900584AC1 /* ToDoWidgetsExtensionExtension */;
			targetProxy = 6B4E6A8524EB42FA00584AC1 /* PBXContainerItemProxy */;
		};
		6B4E6ACF24EB9D3A00584AC1 /* PBXTargetDependency */ = {
			isa = PBXTargetDependency;
			target = 6B4E6AC824EB9D3A00584AC1 /* DynamicListSelectionIntent */;
			targetProxy = 6B4E6ACE24EB9D3A00584AC1 /* PBXContainerItemProxy */;
		};
/* End PBXTargetDependency section */

/* Begin XCBuildConfiguration section */
		6B21366724DF2D500078E7EA /* Debug */ = {
			isa = XCBuildConfiguration;
			buildSettings = {
				ALWAYS_SEARCH_USER_PATHS = NO;
				CLANG_ANALYZER_NONNULL = YES;
				CLANG_ANALYZER_NUMBER_OBJECT_CONVERSION = YES_AGGRESSIVE;
				CLANG_CXX_LANGUAGE_STANDARD = "gnu++14";
				CLANG_CXX_LIBRARY = "libc++";
				CLANG_ENABLE_MODULES = YES;
				CLANG_ENABLE_OBJC_ARC = YES;
				CLANG_ENABLE_OBJC_WEAK = YES;
				CLANG_WARN_BLOCK_CAPTURE_AUTORELEASING = YES;
				CLANG_WARN_BOOL_CONVERSION = YES;
				CLANG_WARN_COMMA = YES;
				CLANG_WARN_CONSTANT_CONVERSION = YES;
				CLANG_WARN_DEPRECATED_OBJC_IMPLEMENTATIONS = YES;
				CLANG_WARN_DIRECT_OBJC_ISA_USAGE = YES_ERROR;
				CLANG_WARN_DOCUMENTATION_COMMENTS = YES;
				CLANG_WARN_EMPTY_BODY = YES;
				CLANG_WARN_ENUM_CONVERSION = YES;
				CLANG_WARN_INFINITE_RECURSION = YES;
				CLANG_WARN_INT_CONVERSION = YES;
				CLANG_WARN_NON_LITERAL_NULL_CONVERSION = YES;
				CLANG_WARN_OBJC_IMPLICIT_RETAIN_SELF = YES;
				CLANG_WARN_OBJC_LITERAL_CONVERSION = YES;
				CLANG_WARN_OBJC_ROOT_CLASS = YES_ERROR;
				CLANG_WARN_QUOTED_INCLUDE_IN_FRAMEWORK_HEADER = YES;
				CLANG_WARN_RANGE_LOOP_ANALYSIS = YES;
				CLANG_WARN_STRICT_PROTOTYPES = YES;
				CLANG_WARN_SUSPICIOUS_MOVE = YES;
				CLANG_WARN_UNGUARDED_AVAILABILITY = YES_AGGRESSIVE;
				CLANG_WARN_UNREACHABLE_CODE = YES;
				CLANG_WARN__DUPLICATE_METHOD_MATCH = YES;
				COPY_PHASE_STRIP = NO;
				DEBUG_INFORMATION_FORMAT = dwarf;
				ENABLE_STRICT_OBJC_MSGSEND = YES;
				ENABLE_TESTABILITY = YES;
				GCC_C_LANGUAGE_STANDARD = gnu11;
				GCC_DYNAMIC_NO_PIC = NO;
				GCC_NO_COMMON_BLOCKS = YES;
				GCC_OPTIMIZATION_LEVEL = 0;
				GCC_PREPROCESSOR_DEFINITIONS = (
					"DEBUG=1",
					"$(inherited)",
				);
				GCC_WARN_64_TO_32_BIT_CONVERSION = YES;
				GCC_WARN_ABOUT_RETURN_TYPE = YES_ERROR;
				GCC_WARN_UNDECLARED_SELECTOR = YES;
				GCC_WARN_UNINITIALIZED_AUTOS = YES_AGGRESSIVE;
				GCC_WARN_UNUSED_FUNCTION = YES;
				GCC_WARN_UNUSED_VARIABLE = YES;
				MTL_ENABLE_DEBUG_INFO = INCLUDE_SOURCE;
				MTL_FAST_MATH = YES;
				ONLY_ACTIVE_ARCH = YES;
				SWIFT_ACTIVE_COMPILATION_CONDITIONS = DEBUG;
				SWIFT_OPTIMIZATION_LEVEL = "-Onone";
			};
			name = Debug;
		};
		6B21366824DF2D500078E7EA /* Release */ = {
			isa = XCBuildConfiguration;
			buildSettings = {
				ALWAYS_SEARCH_USER_PATHS = NO;
				CLANG_ANALYZER_NONNULL = YES;
				CLANG_ANALYZER_NUMBER_OBJECT_CONVERSION = YES_AGGRESSIVE;
				CLANG_CXX_LANGUAGE_STANDARD = "gnu++14";
				CLANG_CXX_LIBRARY = "libc++";
				CLANG_ENABLE_MODULES = YES;
				CLANG_ENABLE_OBJC_ARC = YES;
				CLANG_ENABLE_OBJC_WEAK = YES;
				CLANG_WARN_BLOCK_CAPTURE_AUTORELEASING = YES;
				CLANG_WARN_BOOL_CONVERSION = YES;
				CLANG_WARN_COMMA = YES;
				CLANG_WARN_CONSTANT_CONVERSION = YES;
				CLANG_WARN_DEPRECATED_OBJC_IMPLEMENTATIONS = YES;
				CLANG_WARN_DIRECT_OBJC_ISA_USAGE = YES_ERROR;
				CLANG_WARN_DOCUMENTATION_COMMENTS = YES;
				CLANG_WARN_EMPTY_BODY = YES;
				CLANG_WARN_ENUM_CONVERSION = YES;
				CLANG_WARN_INFINITE_RECURSION = YES;
				CLANG_WARN_INT_CONVERSION = YES;
				CLANG_WARN_NON_LITERAL_NULL_CONVERSION = YES;
				CLANG_WARN_OBJC_IMPLICIT_RETAIN_SELF = YES;
				CLANG_WARN_OBJC_LITERAL_CONVERSION = YES;
				CLANG_WARN_OBJC_ROOT_CLASS = YES_ERROR;
				CLANG_WARN_QUOTED_INCLUDE_IN_FRAMEWORK_HEADER = YES;
				CLANG_WARN_RANGE_LOOP_ANALYSIS = YES;
				CLANG_WARN_STRICT_PROTOTYPES = YES;
				CLANG_WARN_SUSPICIOUS_MOVE = YES;
				CLANG_WARN_UNGUARDED_AVAILABILITY = YES_AGGRESSIVE;
				CLANG_WARN_UNREACHABLE_CODE = YES;
				CLANG_WARN__DUPLICATE_METHOD_MATCH = YES;
				COPY_PHASE_STRIP = NO;
				DEBUG_INFORMATION_FORMAT = "dwarf-with-dsym";
				ENABLE_NS_ASSERTIONS = NO;
				ENABLE_STRICT_OBJC_MSGSEND = YES;
				GCC_C_LANGUAGE_STANDARD = gnu11;
				GCC_NO_COMMON_BLOCKS = YES;
				GCC_WARN_64_TO_32_BIT_CONVERSION = YES;
				GCC_WARN_ABOUT_RETURN_TYPE = YES_ERROR;
				GCC_WARN_UNDECLARED_SELECTOR = YES;
				GCC_WARN_UNINITIALIZED_AUTOS = YES_AGGRESSIVE;
				GCC_WARN_UNUSED_FUNCTION = YES;
				GCC_WARN_UNUSED_VARIABLE = YES;
				MTL_ENABLE_DEBUG_INFO = NO;
				MTL_FAST_MATH = YES;
				SWIFT_COMPILATION_MODE = wholemodule;
				SWIFT_OPTIMIZATION_LEVEL = "-O";
			};
			name = Release;
		};
		6B21366A24DF2D500078E7EA /* Debug */ = {
			isa = XCBuildConfiguration;
			buildSettings = {
				ALWAYS_EMBED_SWIFT_STANDARD_LIBRARIES = YES;
				ASSETCATALOG_COMPILER_APPICON_NAME = AppIcon;
				ASSETCATALOG_COMPILER_GLOBAL_ACCENT_COLOR_NAME = AccentColor;
				CODE_SIGN_ENTITLEMENTS = "ToDo-SwiftUI.entitlements";
				CODE_SIGN_STYLE = Automatic;
				CURRENT_PROJECT_VERSION = 1;
				DEVELOPMENT_TEAM = S3UZ2L9UP8;
				ENABLE_PREVIEWS = YES;
				INFOPLIST_FILE = iOS/Info.plist;
				IPHONEOS_DEPLOYMENT_TARGET = 14.0;
				LD_RUNPATH_SEARCH_PATHS = (
					"$(inherited)",
					"@executable_path/Frameworks",
				);
				MARKETING_VERSION = 1.0;
				PRODUCT_BUNDLE_IDENTIFIER = "io.hellosaumil.ToDo-SwiftUI";
				PRODUCT_NAME = "ToDo-SwiftUI";
				SDKROOT = iphoneos;
				SUPPORTS_MACCATALYST = YES;
				SWIFT_VERSION = 5.0;
				TARGETED_DEVICE_FAMILY = "1,2,6";
			};
			name = Debug;
		};
		6B21366B24DF2D500078E7EA /* Release */ = {
			isa = XCBuildConfiguration;
			buildSettings = {
				ALWAYS_EMBED_SWIFT_STANDARD_LIBRARIES = YES;
				ASSETCATALOG_COMPILER_APPICON_NAME = AppIcon;
				ASSETCATALOG_COMPILER_GLOBAL_ACCENT_COLOR_NAME = AccentColor;
				CODE_SIGN_ENTITLEMENTS = "ToDo-SwiftUI.entitlements";
				CODE_SIGN_STYLE = Automatic;
				CURRENT_PROJECT_VERSION = 1;
				DEVELOPMENT_TEAM = S3UZ2L9UP8;
				ENABLE_PREVIEWS = YES;
				INFOPLIST_FILE = iOS/Info.plist;
				IPHONEOS_DEPLOYMENT_TARGET = 14.0;
				LD_RUNPATH_SEARCH_PATHS = (
					"$(inherited)",
					"@executable_path/Frameworks",
				);
				MARKETING_VERSION = 1.0;
				PRODUCT_BUNDLE_IDENTIFIER = "io.hellosaumil.ToDo-SwiftUI";
				PRODUCT_NAME = "ToDo-SwiftUI";
				SDKROOT = iphoneos;
				SUPPORTS_MACCATALYST = YES;
				SWIFT_VERSION = 5.0;
				TARGETED_DEVICE_FAMILY = "1,2,6";
				VALIDATE_PRODUCT = YES;
			};
			name = Release;
		};
		6B4E6A8A24EB42FA00584AC1 /* Debug */ = {
			isa = XCBuildConfiguration;
			buildSettings = {
				ASSETCATALOG_COMPILER_GLOBAL_ACCENT_COLOR_NAME = AccentColor;
				ASSETCATALOG_COMPILER_WIDGET_BACKGROUND_COLOR_NAME = WidgetBackground;
				CODE_SIGN_ENTITLEMENTS = ToDoWidgetsExtensionExtension.entitlements;
				CODE_SIGN_STYLE = Automatic;
				DEVELOPMENT_TEAM = S3UZ2L9UP8;
				INFOPLIST_FILE = ToDoWidgetsExtension/Info.plist;
				IPHONEOS_DEPLOYMENT_TARGET = 14.0;
				LD_RUNPATH_SEARCH_PATHS = (
					"$(inherited)",
					"@executable_path/Frameworks",
					"@executable_path/../../Frameworks",
				);
				PRODUCT_BUNDLE_IDENTIFIER = "io.hellosaumil.ToDo-SwiftUI.ToDoWidgetsExtension";
				PRODUCT_NAME = "$(TARGET_NAME)";
				SDKROOT = iphoneos;
				SKIP_INSTALL = YES;
				SUPPORTS_MACCATALYST = YES;
				SWIFT_VERSION = 5.0;
				TARGETED_DEVICE_FAMILY = "1,2";
			};
			name = Debug;
		};
		6B4E6A8B24EB42FA00584AC1 /* Release */ = {
			isa = XCBuildConfiguration;
			buildSettings = {
				ASSETCATALOG_COMPILER_GLOBAL_ACCENT_COLOR_NAME = AccentColor;
				ASSETCATALOG_COMPILER_WIDGET_BACKGROUND_COLOR_NAME = WidgetBackground;
				CODE_SIGN_ENTITLEMENTS = ToDoWidgetsExtensionExtension.entitlements;
				CODE_SIGN_STYLE = Automatic;
				DEVELOPMENT_TEAM = S3UZ2L9UP8;
				INFOPLIST_FILE = ToDoWidgetsExtension/Info.plist;
				IPHONEOS_DEPLOYMENT_TARGET = 14.0;
				LD_RUNPATH_SEARCH_PATHS = (
					"$(inherited)",
					"@executable_path/Frameworks",
					"@executable_path/../../Frameworks",
				);
				PRODUCT_BUNDLE_IDENTIFIER = "io.hellosaumil.ToDo-SwiftUI.ToDoWidgetsExtension";
				PRODUCT_NAME = "$(TARGET_NAME)";
				SDKROOT = iphoneos;
				SKIP_INSTALL = YES;
				SUPPORTS_MACCATALYST = YES;
				SWIFT_VERSION = 5.0;
				TARGETED_DEVICE_FAMILY = "1,2";
				VALIDATE_PRODUCT = YES;
			};
			name = Release;
		};
		6B4E6AD224EB9D3B00584AC1 /* Debug */ = {
			isa = XCBuildConfiguration;
			buildSettings = {
				CODE_SIGN_ENTITLEMENTS = DynamicListSelectionIntent/DynamicListSelectionIntent.entitlements;
				CODE_SIGN_STYLE = Automatic;
				DEVELOPMENT_TEAM = S3UZ2L9UP8;
				INFOPLIST_FILE = DynamicListSelectionIntent/Info.plist;
				IPHONEOS_DEPLOYMENT_TARGET = 14.0;
				LD_RUNPATH_SEARCH_PATHS = (
					"$(inherited)",
					"@executable_path/Frameworks",
					"@executable_path/../../Frameworks",
				);
				PRODUCT_BUNDLE_IDENTIFIER = "io.hellosaumil.ToDo-SwiftUI.DynamicListSelectionIntent";
				PRODUCT_NAME = "$(TARGET_NAME)";
				SDKROOT = iphoneos;
				SKIP_INSTALL = YES;
				SUPPORTS_MACCATALYST = YES;
				SWIFT_VERSION = 5.0;
				TARGETED_DEVICE_FAMILY = "1,2";
			};
			name = Debug;
		};
		6B4E6AD324EB9D3B00584AC1 /* Release */ = {
			isa = XCBuildConfiguration;
			buildSettings = {
				CODE_SIGN_ENTITLEMENTS = DynamicListSelectionIntent/DynamicListSelectionIntent.entitlements;
				CODE_SIGN_STYLE = Automatic;
				DEVELOPMENT_TEAM = S3UZ2L9UP8;
				INFOPLIST_FILE = DynamicListSelectionIntent/Info.plist;
				IPHONEOS_DEPLOYMENT_TARGET = 14.0;
				LD_RUNPATH_SEARCH_PATHS = (
					"$(inherited)",
					"@executable_path/Frameworks",
					"@executable_path/../../Frameworks",
				);
				PRODUCT_BUNDLE_IDENTIFIER = "io.hellosaumil.ToDo-SwiftUI.DynamicListSelectionIntent";
				PRODUCT_NAME = "$(TARGET_NAME)";
				SDKROOT = iphoneos;
				SKIP_INSTALL = YES;
				SUPPORTS_MACCATALYST = YES;
				SWIFT_VERSION = 5.0;
				TARGETED_DEVICE_FAMILY = "1,2";
				VALIDATE_PRODUCT = YES;
			};
			name = Release;
		};
/* End XCBuildConfiguration section */

/* Begin XCConfigurationList section */
		6B21363624DF2D4E0078E7EA /* Build configuration list for PBXProject "ToDo-SwiftUI" */ = {
			isa = XCConfigurationList;
			buildConfigurations = (
				6B21366724DF2D500078E7EA /* Debug */,
				6B21366824DF2D500078E7EA /* Release */,
			);
			defaultConfigurationIsVisible = 0;
			defaultConfigurationName = Release;
		};
		6B21366924DF2D500078E7EA /* Build configuration list for PBXNativeTarget "ToDo-SwiftUI (iOS)" */ = {
			isa = XCConfigurationList;
			buildConfigurations = (
				6B21366A24DF2D500078E7EA /* Debug */,
				6B21366B24DF2D500078E7EA /* Release */,
			);
			defaultConfigurationIsVisible = 0;
			defaultConfigurationName = Release;
		};
		6B4E6A8924EB42FA00584AC1 /* Build configuration list for PBXNativeTarget "ToDoWidgetsExtensionExtension" */ = {
			isa = XCConfigurationList;
			buildConfigurations = (
				6B4E6A8A24EB42FA00584AC1 /* Debug */,
				6B4E6A8B24EB42FA00584AC1 /* Release */,
			);
			defaultConfigurationIsVisible = 0;
			defaultConfigurationName = Release;
		};
		6B4E6AD424EB9D3B00584AC1 /* Build configuration list for PBXNativeTarget "DynamicListSelectionIntent" */ = {
			isa = XCConfigurationList;
			buildConfigurations = (
				6B4E6AD224EB9D3B00584AC1 /* Debug */,
				6B4E6AD324EB9D3B00584AC1 /* Release */,
			);
			defaultConfigurationIsVisible = 0;
			defaultConfigurationName = Release;
		};
/* End XCConfigurationList section */
	};
	rootObject = 6B21363324DF2D4E0078E7EA /* Project object */;
}
