// !$*UTF8*$!
{
	archiveVersion = 1;
	classes = {
	};
	objectVersion = 50;
	objects = {

/* Begin PBXBuildFile section */
		6B08084124A4062B00208A7C /* AppDelegate.swift in Sources */ = {isa = PBXBuildFile; fileRef = 6B08084024A4062B00208A7C /* AppDelegate.swift */; };
		6B08084324A4062B00208A7C /* SceneDelegate.swift in Sources */ = {isa = PBXBuildFile; fileRef = 6B08084224A4062B00208A7C /* SceneDelegate.swift */; };
		6B08084524A4062B00208A7C /* ContentView.swift in Sources */ = {isa = PBXBuildFile; fileRef = 6B08084424A4062B00208A7C /* ContentView.swift */; };
		6B08084724A4062D00208A7C /* Assets.xcassets in Resources */ = {isa = PBXBuildFile; fileRef = 6B08084624A4062D00208A7C /* Assets.xcassets */; };
		6B08084A24A4062D00208A7C /* Preview Assets.xcassets in Resources */ = {isa = PBXBuildFile; fileRef = 6B08084924A4062D00208A7C /* Preview Assets.xcassets */; };
		6B08084D24A4062D00208A7C /* LaunchScreen.storyboard in Resources */ = {isa = PBXBuildFile; fileRef = 6B08084B24A4062D00208A7C /* LaunchScreen.storyboard */; };
		6B08087824A4083800208A7C /* ListDetailView.swift in Sources */ = {isa = PBXBuildFile; fileRef = 6B08087724A4083800208A7C /* ListDetailView.swift */; };
		6B08087B24A40B0400208A7C /* HelperViews.swift in Sources */ = {isa = PBXBuildFile; fileRef = 6B08087A24A40B0400208A7C /* HelperViews.swift */; };
		6BF8BF6A24ADB42A00D56A40 /* ListMasterView.swift in Sources */ = {isa = PBXBuildFile; fileRef = 6BF8BF6924ADB42A00D56A40 /* ListMasterView.swift */; };
/* End PBXBuildFile section */

/* Begin PBXFileReference section */
		6B08083D24A4062B00208A7C /* ToDo-SwiftUI.app */ = {isa = PBXFileReference; explicitFileType = wrapper.application; includeInIndex = 0; path = "ToDo-SwiftUI.app"; sourceTree = BUILT_PRODUCTS_DIR; };
		6B08084024A4062B00208A7C /* AppDelegate.swift */ = {isa = PBXFileReference; lastKnownFileType = sourcecode.swift; path = AppDelegate.swift; sourceTree = "<group>"; };
		6B08084224A4062B00208A7C /* SceneDelegate.swift */ = {isa = PBXFileReference; lastKnownFileType = sourcecode.swift; path = SceneDelegate.swift; sourceTree = "<group>"; };
		6B08084424A4062B00208A7C /* ContentView.swift */ = {isa = PBXFileReference; lastKnownFileType = sourcecode.swift; path = ContentView.swift; sourceTree = "<group>"; };
		6B08084624A4062D00208A7C /* Assets.xcassets */ = {isa = PBXFileReference; lastKnownFileType = folder.assetcatalog; path = Assets.xcassets; sourceTree = "<group>"; };
		6B08084924A4062D00208A7C /* Preview Assets.xcassets */ = {isa = PBXFileReference; lastKnownFileType = folder.assetcatalog; path = "Preview Assets.xcassets"; sourceTree = "<group>"; };
		6B08084C24A4062D00208A7C /* Base */ = {isa = PBXFileReference; lastKnownFileType = file.storyboard; name = Base; path = Base.lproj/LaunchScreen.storyboard; sourceTree = "<group>"; };
		6B08084E24A4062D00208A7C /* Info.plist */ = {isa = PBXFileReference; lastKnownFileType = text.plist.xml; path = Info.plist; sourceTree = "<group>"; };
		6B08087724A4083800208A7C /* ListDetailView.swift */ = {isa = PBXFileReference; lastKnownFileType = sourcecode.swift; path = ListDetailView.swift; sourceTree = "<group>"; };
		6B08087A24A40B0400208A7C /* HelperViews.swift */ = {isa = PBXFileReference; lastKnownFileType = sourcecode.swift; path = HelperViews.swift; sourceTree = "<group>"; };
		6BF8BF6924ADB42A00D56A40 /* ListMasterView.swift */ = {isa = PBXFileReference; lastKnownFileType = sourcecode.swift; path = ListMasterView.swift; sourceTree = "<group>"; };
/* End PBXFileReference section */

/* Begin PBXFrameworksBuildPhase section */
		6B08083A24A4062B00208A7C /* Frameworks */ = {
			isa = PBXFrameworksBuildPhase;
			buildActionMask = 2147483647;
			files = (
			);
			runOnlyForDeploymentPostprocessing = 0;
		};
/* End PBXFrameworksBuildPhase section */

/* Begin PBXGroup section */
		6B08083424A4062B00208A7C = {
			isa = PBXGroup;
			children = (
				6B08083F24A4062B00208A7C /* ToDo-SwiftUI */,
				6B08083E24A4062B00208A7C /* Products */,
			);
			sourceTree = "<group>";
		};
		6B08083E24A4062B00208A7C /* Products */ = {
			isa = PBXGroup;
			children = (
				6B08083D24A4062B00208A7C /* ToDo-SwiftUI.app */,
			);
			name = Products;
			sourceTree = "<group>";
		};
		6B08083F24A4062B00208A7C /* ToDo-SwiftUI */ = {
			isa = PBXGroup;
			children = (
				6B08085624A4064000208A7C /* Base Files */,
				6B08085524A4063900208A7C /* Supporting Views */,
				6B08087924A40AEC00208A7C /* Helper Views */,
				6B08085424A4063700208A7C /* Models */,
				6B08084624A4062D00208A7C /* Assets.xcassets */,
				6B08084B24A4062D00208A7C /* LaunchScreen.storyboard */,
				6B08084E24A4062D00208A7C /* Info.plist */,
				6B08084824A4062D00208A7C /* Preview Content */,
			);
			path = "ToDo-SwiftUI";
			sourceTree = "<group>";
		};
		6B08084824A4062D00208A7C /* Preview Content */ = {
			isa = PBXGroup;
			children = (
				6B08084924A4062D00208A7C /* Preview Assets.xcassets */,
			);
			path = "Preview Content";
			sourceTree = "<group>";
		};
		6B08085424A4063700208A7C /* Models */ = {
			isa = PBXGroup;
			children = (
			);
			path = Models;
			sourceTree = "<group>";
		};
		6B08085524A4063900208A7C /* Supporting Views */ = {
			isa = PBXGroup;
			children = (
				6BF8BF6924ADB42A00D56A40 /* ListMasterView.swift */,
				6B08087724A4083800208A7C /* ListDetailView.swift */,
			);
			path = "Supporting Views";
			sourceTree = "<group>";
		};
		6B08085624A4064000208A7C /* Base Files */ = {
			isa = PBXGroup;
			children = (
				6B08084024A4062B00208A7C /* AppDelegate.swift */,
				6B08084224A4062B00208A7C /* SceneDelegate.swift */,
				6B08084424A4062B00208A7C /* ContentView.swift */,
			);
			path = "Base Files";
			sourceTree = "<group>";
		};
		6B08087924A40AEC00208A7C /* Helper Views */ = {
			isa = PBXGroup;
			children = (
				6B08087A24A40B0400208A7C /* HelperViews.swift */,
			);
			path = "Helper Views";
			sourceTree = "<group>";
		};
/* End PBXGroup section */

/* Begin PBXNativeTarget section */
		6B08083C24A4062B00208A7C /* ToDo-SwiftUI */ = {
			isa = PBXNativeTarget;
			buildConfigurationList = 6B08085124A4062D00208A7C /* Build configuration list for PBXNativeTarget "ToDo-SwiftUI" */;
			buildPhases = (
				6B08083924A4062B00208A7C /* Sources */,
				6B08083A24A4062B00208A7C /* Frameworks */,
				6B08083B24A4062B00208A7C /* Resources */,
			);
			buildRules = (
			);
			dependencies = (
			);
			name = "ToDo-SwiftUI";
			productName = "ToDo-SwiftUI";
			productReference = 6B08083D24A4062B00208A7C /* ToDo-SwiftUI.app */;
			productType = "com.apple.product-type.application";
		};
/* End PBXNativeTarget section */

/* Begin PBXProject section */
		6B08083524A4062B00208A7C /* Project object */ = {
			isa = PBXProject;
			attributes = {
				LastSwiftUpdateCheck = 1160;
				LastUpgradeCheck = 1160;
				ORGANIZATIONNAME = "Saumil Shah";
				TargetAttributes = {
					6B08083C24A4062B00208A7C = {
						CreatedOnToolsVersion = 11.6;
					};
				};
			};
			buildConfigurationList = 6B08083824A4062B00208A7C /* Build configuration list for PBXProject "ToDo-SwiftUI" */;
			compatibilityVersion = "Xcode 9.3";
			developmentRegion = en;
			hasScannedForEncodings = 0;
			knownRegions = (
				en,
				Base,
			);
			mainGroup = 6B08083424A4062B00208A7C;
			productRefGroup = 6B08083E24A4062B00208A7C /* Products */;
			projectDirPath = "";
			projectRoot = "";
			targets = (
				6B08083C24A4062B00208A7C /* ToDo-SwiftUI */,
			);
		};
/* End PBXProject section */

/* Begin PBXResourcesBuildPhase section */
		6B08083B24A4062B00208A7C /* Resources */ = {
			isa = PBXResourcesBuildPhase;
			buildActionMask = 2147483647;
			files = (
				6B08084D24A4062D00208A7C /* LaunchScreen.storyboard in Resources */,
				6B08084A24A4062D00208A7C /* Preview Assets.xcassets in Resources */,
				6B08084724A4062D00208A7C /* Assets.xcassets in Resources */,
			);
			runOnlyForDeploymentPostprocessing = 0;
		};
/* End PBXResourcesBuildPhase section */

/* Begin PBXSourcesBuildPhase section */
		6B08083924A4062B00208A7C /* Sources */ = {
			isa = PBXSourcesBuildPhase;
			buildActionMask = 2147483647;
			files = (
				6B08084124A4062B00208A7C /* AppDelegate.swift in Sources */,
				6B08087824A4083800208A7C /* ListDetailView.swift in Sources */,
				6BF8BF6A24ADB42A00D56A40 /* ListMasterView.swift in Sources */,
				6B08084324A4062B00208A7C /* SceneDelegate.swift in Sources */,
				6B08087B24A40B0400208A7C /* HelperViews.swift in Sources */,
				6B08084524A4062B00208A7C /* ContentView.swift in Sources */,
			);
			runOnlyForDeploymentPostprocessing = 0;
		};
/* End PBXSourcesBuildPhase section */

/* Begin PBXVariantGroup section */
		6B08084B24A4062D00208A7C /* LaunchScreen.storyboard */ = {
			isa = PBXVariantGroup;
			children = (
				6B08084C24A4062D00208A7C /* Base */,
			);
			name = LaunchScreen.storyboard;
			sourceTree = "<group>";
		};
/* End PBXVariantGroup section */

/* Begin XCBuildConfiguration section */
		6B08084F24A4062D00208A7C /* Debug */ = {
			isa = XCBuildConfiguration;
			buildSettings = {
				ALWAYS_SEARCH_USER_PATHS = NO;
				CLANG_ANALYZER_NONNULL = YES;
				CLANG_ANALYZER_NUMBER_OBJECT_CONVERSION = YES_AGGRESSIVE;
				CLANG_CXX_LANGUAGE_STANDARD = "gnu++14";
				CLANG_CXX_LIBRARY = "libc++";
				CLANG_ENABLE_MODULES = YES;
				CLANG_ENABLE_OBJC_ARC = YES;
				CLANG_ENABLE_OBJC_WEAK = YES;
				CLANG_WARN_BLOCK_CAPTURE_AUTORELEASING = YES;
				CLANG_WARN_BOOL_CONVERSION = YES;
				CLANG_WARN_COMMA = YES;
				CLANG_WARN_CONSTANT_CONVERSION = YES;
				CLANG_WARN_DEPRECATED_OBJC_IMPLEMENTATIONS = YES;
				CLANG_WARN_DIRECT_OBJC_ISA_USAGE = YES_ERROR;
				CLANG_WARN_DOCUMENTATION_COMMENTS = YES;
				CLANG_WARN_EMPTY_BODY = YES;
				CLANG_WARN_ENUM_CONVERSION = YES;
				CLANG_WARN_INFINITE_RECURSION = YES;
				CLANG_WARN_INT_CONVERSION = YES;
				CLANG_WARN_NON_LITERAL_NULL_CONVERSION = YES;
				CLANG_WARN_OBJC_IMPLICIT_RETAIN_SELF = YES;
				CLANG_WARN_OBJC_LITERAL_CONVERSION = YES;
				CLANG_WARN_OBJC_ROOT_CLASS = YES_ERROR;
				CLANG_WARN_RANGE_LOOP_ANALYSIS = YES;
				CLANG_WARN_STRICT_PROTOTYPES = YES;
				CLANG_WARN_SUSPICIOUS_MOVE = YES;
				CLANG_WARN_UNGUARDED_AVAILABILITY = YES_AGGRESSIVE;
				CLANG_WARN_UNREACHABLE_CODE = YES;
				CLANG_WARN__DUPLICATE_METHOD_MATCH = YES;
				COPY_PHASE_STRIP = NO;
				DEBUG_INFORMATION_FORMAT = dwarf;
				ENABLE_STRICT_OBJC_MSGSEND = YES;
				ENABLE_TESTABILITY = YES;
				GCC_C_LANGUAGE_STANDARD = gnu11;
				GCC_DYNAMIC_NO_PIC = NO;
				GCC_NO_COMMON_BLOCKS = YES;
				GCC_OPTIMIZATION_LEVEL = 0;
				GCC_PREPROCESSOR_DEFINITIONS = (
					"DEBUG=1",
					"$(inherited)",
				);
				GCC_WARN_64_TO_32_BIT_CONVERSION = YES;
				GCC_WARN_ABOUT_RETURN_TYPE = YES_ERROR;
				GCC_WARN_UNDECLARED_SELECTOR = YES;
				GCC_WARN_UNINITIALIZED_AUTOS = YES_AGGRESSIVE;
				GCC_WARN_UNUSED_FUNCTION = YES;
				GCC_WARN_UNUSED_VARIABLE = YES;
				IPHONEOS_DEPLOYMENT_TARGET = 13.6;
				MTL_ENABLE_DEBUG_INFO = INCLUDE_SOURCE;
				MTL_FAST_MATH = YES;
				ONLY_ACTIVE_ARCH = YES;
				SDKROOT = iphoneos;
				SWIFT_ACTIVE_COMPILATION_CONDITIONS = DEBUG;
				SWIFT_OPTIMIZATION_LEVEL = "-Onone";
			};
			name = Debug;
		};
		6B08085024A4062D00208A7C /* Release */ = {
			isa = XCBuildConfiguration;
			buildSettings = {
				ALWAYS_SEARCH_USER_PATHS = NO;
				CLANG_ANALYZER_NONNULL = YES;
				CLANG_ANALYZER_NUMBER_OBJECT_CONVERSION = YES_AGGRESSIVE;
				CLANG_CXX_LANGUAGE_STANDARD = "gnu++14";
				CLANG_CXX_LIBRARY = "libc++";
				CLANG_ENABLE_MODULES = YES;
				CLANG_ENABLE_OBJC_ARC = YES;
				CLANG_ENABLE_OBJC_WEAK = YES;
				CLANG_WARN_BLOCK_CAPTURE_AUTORELEASING = YES;
				CLANG_WARN_BOOL_CONVERSION = YES;
				CLANG_WARN_COMMA = YES;
				CLANG_WARN_CONSTANT_CONVERSION = YES;
				CLANG_WARN_DEPRECATED_OBJC_IMPLEMENTATIONS = YES;
				CLANG_WARN_DIRECT_OBJC_ISA_USAGE = YES_ERROR;
				CLANG_WARN_DOCUMENTATION_COMMENTS = YES;
				CLANG_WARN_EMPTY_BODY = YES;
				CLANG_WARN_ENUM_CONVERSION = YES;
				CLANG_WARN_INFINITE_RECURSION = YES;
				CLANG_WARN_INT_CONVERSION = YES;
				CLANG_WARN_NON_LITERAL_NULL_CONVERSION = YES;
				CLANG_WARN_OBJC_IMPLICIT_RETAIN_SELF = YES;
				CLANG_WARN_OBJC_LITERAL_CONVERSION = YES;
				CLANG_WARN_OBJC_ROOT_CLASS = YES_ERROR;
				CLANG_WARN_RANGE_LOOP_ANALYSIS = YES;
				CLANG_WARN_STRICT_PROTOTYPES = YES;
				CLANG_WARN_SUSPICIOUS_MOVE = YES;
				CLANG_WARN_UNGUARDED_AVAILABILITY = YES_AGGRESSIVE;
				CLANG_WARN_UNREACHABLE_CODE = YES;
				CLANG_WARN__DUPLICATE_METHOD_MATCH = YES;
				COPY_PHASE_STRIP = NO;
				DEBUG_INFORMATION_FORMAT = "dwarf-with-dsym";
				ENABLE_NS_ASSERTIONS = NO;
				ENABLE_STRICT_OBJC_MSGSEND = YES;
				GCC_C_LANGUAGE_STANDARD = gnu11;
				GCC_NO_COMMON_BLOCKS = YES;
				GCC_WARN_64_TO_32_BIT_CONVERSION = YES;
				GCC_WARN_ABOUT_RETURN_TYPE = YES_ERROR;
				GCC_WARN_UNDECLARED_SELECTOR = YES;
				GCC_WARN_UNINITIALIZED_AUTOS = YES_AGGRESSIVE;
				GCC_WARN_UNUSED_FUNCTION = YES;
				GCC_WARN_UNUSED_VARIABLE = YES;
				IPHONEOS_DEPLOYMENT_TARGET = 13.6;
				MTL_ENABLE_DEBUG_INFO = NO;
				MTL_FAST_MATH = YES;
				SDKROOT = iphoneos;
				SWIFT_COMPILATION_MODE = wholemodule;
				SWIFT_OPTIMIZATION_LEVEL = "-O";
				VALIDATE_PRODUCT = YES;
			};
			name = Release;
		};
		6B08085224A4062D00208A7C /* Debug */ = {
			isa = XCBuildConfiguration;
			buildSettings = {
				ASSETCATALOG_COMPILER_APPICON_NAME = AppIcon;
				CODE_SIGN_STYLE = Automatic;
				DEVELOPMENT_ASSET_PATHS = "\"ToDo-SwiftUI/Preview Content\"";
				ENABLE_PREVIEWS = YES;
				INFOPLIST_FILE = "ToDo-SwiftUI/Info.plist";
				LD_RUNPATH_SEARCH_PATHS = (
					"$(inherited)",
					"@executable_path/Frameworks",
				);
				PRODUCT_BUNDLE_IDENTIFIER = "io.hellosaumil.ToDo-SwiftUI";
				PRODUCT_NAME = "$(TARGET_NAME)";
				SWIFT_VERSION = 5.0;
				TARGETED_DEVICE_FAMILY = "1,2";
			};
			name = Debug;
		};
		6B08085324A4062D00208A7C /* Release */ = {
			isa = XCBuildConfiguration;
			buildSettings = {
				ASSETCATALOG_COMPILER_APPICON_NAME = AppIcon;
				CODE_SIGN_STYLE = Automatic;
				DEVELOPMENT_ASSET_PATHS = "\"ToDo-SwiftUI/Preview Content\"";
				ENABLE_PREVIEWS = YES;
				INFOPLIST_FILE = "ToDo-SwiftUI/Info.plist";
				LD_RUNPATH_SEARCH_PATHS = (
					"$(inherited)",
					"@executable_path/Frameworks",
				);
				PRODUCT_BUNDLE_IDENTIFIER = "io.hellosaumil.ToDo-SwiftUI";
				PRODUCT_NAME = "$(TARGET_NAME)";
				SWIFT_VERSION = 5.0;
				TARGETED_DEVICE_FAMILY = "1,2";
			};
			name = Release;
		};
/* End XCBuildConfiguration section */

/* Begin XCConfigurationList section */
		6B08083824A4062B00208A7C /* Build configuration list for PBXProject "ToDo-SwiftUI" */ = {
			isa = XCConfigurationList;
			buildConfigurations = (
				6B08084F24A4062D00208A7C /* Debug */,
				6B08085024A4062D00208A7C /* Release */,
			);
			defaultConfigurationIsVisible = 0;
			defaultConfigurationName = Release;
		};
		6B08085124A4062D00208A7C /* Build configuration list for PBXNativeTarget "ToDo-SwiftUI" */ = {
			isa = XCConfigurationList;
			buildConfigurations = (
				6B08085224A4062D00208A7C /* Debug */,
				6B08085324A4062D00208A7C /* Release */,
			);
			defaultConfigurationIsVisible = 0;
			defaultConfigurationName = Release;
		};
/* End XCConfigurationList section */
	};
	rootObject = 6B08083524A4062B00208A7C /* Project object */;
}
